// !$*UTF8*$!
{
	archiveVersion = 1;
	classes = {
	};
	objectVersion = 55;
	objects = {

/* Begin PBXBuildFile section */
		246D64B7285E403600D4601D /* AppDelegate.swift in Sources */ = {isa = PBXBuildFile; fileRef = 246D64B6285E403600D4601D /* AppDelegate.swift */; };
		246D64BB285E403600D4601D /* SearchViewController.swift in Sources */ = {isa = PBXBuildFile; fileRef = 246D64BA285E403600D4601D /* SearchViewController.swift */; };
		246D64C0285E403600D4601D /* Assets.xcassets in Resources */ = {isa = PBXBuildFile; fileRef = 246D64BF285E403600D4601D /* Assets.xcassets */; };
		246D64C3285E403600D4601D /* LaunchScreen.storyboard in Resources */ = {isa = PBXBuildFile; fileRef = 246D64C1285E403600D4601D /* LaunchScreen.storyboard */; };
		246D64CE285E403600D4601D /* mercadolibreTestTests.swift in Sources */ = {isa = PBXBuildFile; fileRef = 246D64CD285E403600D4601D /* mercadolibreTestTests.swift */; };
		246D64D8285E403600D4601D /* mercadolibreTestUITests.swift in Sources */ = {isa = PBXBuildFile; fileRef = 246D64D7285E403600D4601D /* mercadolibreTestUITests.swift */; };
		246D64DA285E403600D4601D /* mercadolibreTestUITestsLaunchTests.swift in Sources */ = {isa = PBXBuildFile; fileRef = 246D64D9285E403600D4601D /* mercadolibreTestUITestsLaunchTests.swift */; };
		24964CE5285E491C0039A367 /* URLGenerator.swift in Sources */ = {isa = PBXBuildFile; fileRef = 24964CE4285E491C0039A367 /* URLGenerator.swift */; };
		24964CE8285E492B0039A367 /* Networker.swift in Sources */ = {isa = PBXBuildFile; fileRef = 24964CE7285E492B0039A367 /* Networker.swift */; };
		24964CF2285EBF260039A367 /* ProductProtocol.swift in Sources */ = {isa = PBXBuildFile; fileRef = 24964CF1285EBF260039A367 /* ProductProtocol.swift */; };
		24964CF4285ECF2F0039A367 /* Product.swift in Sources */ = {isa = PBXBuildFile; fileRef = 24964CF3285ECF2F0039A367 /* Product.swift */; };
		24964CF6285ED0F90039A367 /* SearchWorker.swift in Sources */ = {isa = PBXBuildFile; fileRef = 24964CF5285ED0F90039A367 /* SearchWorker.swift */; };
		24964CF8285ED1690039A367 /* SearchRouterProtocol.swift in Sources */ = {isa = PBXBuildFile; fileRef = 24964CF7285ED1690039A367 /* SearchRouterProtocol.swift */; };
		24964CFA285ED1B80039A367 /* SearchPresenterProtocol.swift in Sources */ = {isa = PBXBuildFile; fileRef = 24964CF9285ED1B80039A367 /* SearchPresenterProtocol.swift */; };
		24964CFC285ED1CA0039A367 /* SearchInteractorProtocol.swift in Sources */ = {isa = PBXBuildFile; fileRef = 24964CFB285ED1CA0039A367 /* SearchInteractorProtocol.swift */; };
		24964CFE285ED1E20039A367 /* SearchViewProtocol.swift in Sources */ = {isa = PBXBuildFile; fileRef = 24964CFD285ED1E20039A367 /* SearchViewProtocol.swift */; };
		24964D00285ED36C0039A367 /* SearchRouter.swift in Sources */ = {isa = PBXBuildFile; fileRef = 24964CFF285ED36C0039A367 /* SearchRouter.swift */; };
		24964D02285ED3950039A367 /* SearchPresenter.swift in Sources */ = {isa = PBXBuildFile; fileRef = 24964D01285ED3950039A367 /* SearchPresenter.swift */; };
		24964D04285ED3B10039A367 /* SearchInteractor.swift in Sources */ = {isa = PBXBuildFile; fileRef = 24964D03285ED3B10039A367 /* SearchInteractor.swift */; };
		24964D06285ED4AE0039A367 /* ResultsRouterProtocol.swift in Sources */ = {isa = PBXBuildFile; fileRef = 24964D05285ED4AD0039A367 /* ResultsRouterProtocol.swift */; };
		24964D08285ED4CC0039A367 /* ResultsPresenterProtocol.swift in Sources */ = {isa = PBXBuildFile; fileRef = 24964D07285ED4CC0039A367 /* ResultsPresenterProtocol.swift */; };
		24964D0A285ED5000039A367 /* ResultsInteractorProtocol.swift in Sources */ = {isa = PBXBuildFile; fileRef = 24964D09285ED5000039A367 /* ResultsInteractorProtocol.swift */; };
		24964D0C285ED5440039A367 /* ResultsViewProtocol.swift in Sources */ = {isa = PBXBuildFile; fileRef = 24964D0B285ED5440039A367 /* ResultsViewProtocol.swift */; };
		24964D0E285ED56A0039A367 /* ResultsWorker.swift in Sources */ = {isa = PBXBuildFile; fileRef = 24964D0D285ED56A0039A367 /* ResultsWorker.swift */; };
		24964D10285ED5A80039A367 /* ResultsRouter.swift in Sources */ = {isa = PBXBuildFile; fileRef = 24964D0F285ED5A80039A367 /* ResultsRouter.swift */; };
		24964D12285ED61C0039A367 /* ResultsPresenter.swift in Sources */ = {isa = PBXBuildFile; fileRef = 24964D11285ED61C0039A367 /* ResultsPresenter.swift */; };
		24964D14285ED6830039A367 /* ResultsInteractor.swift in Sources */ = {isa = PBXBuildFile; fileRef = 24964D13285ED6830039A367 /* ResultsInteractor.swift */; };
		24964D16285ED6AB0039A367 /* ResultsViewController.swift in Sources */ = {isa = PBXBuildFile; fileRef = 24964D15285ED6AB0039A367 /* ResultsViewController.swift */; };
		24964D18285ED6E90039A367 /* ResultItemCollectionViewCell.swift in Sources */ = {isa = PBXBuildFile; fileRef = 24964D17285ED6E90039A367 /* ResultItemCollectionViewCell.swift */; };
		24964D1C285ED75D0039A367 /* DataSource.swift in Sources */ = {isa = PBXBuildFile; fileRef = 24964D1B285ED75D0039A367 /* DataSource.swift */; };
		24964D1E285ED9150039A367 /* DetailsWorker.swift in Sources */ = {isa = PBXBuildFile; fileRef = 24964D1D285ED9150039A367 /* DetailsWorker.swift */; };
		24964D20285ED9C70039A367 /* DetailsRouterProtocol.swift in Sources */ = {isa = PBXBuildFile; fileRef = 24964D1F285ED9C70039A367 /* DetailsRouterProtocol.swift */; };
		24964D22285EDA490039A367 /* DetailsPresenterProtocol.swift in Sources */ = {isa = PBXBuildFile; fileRef = 24964D21285EDA490039A367 /* DetailsPresenterProtocol.swift */; };
		24964D24285EDA6B0039A367 /* DetailsInteractorProtocol.swift in Sources */ = {isa = PBXBuildFile; fileRef = 24964D23285EDA6B0039A367 /* DetailsInteractorProtocol.swift */; };
		24964D26285EDAAF0039A367 /* DetailsViewProtocol.swift in Sources */ = {isa = PBXBuildFile; fileRef = 24964D25285EDAAF0039A367 /* DetailsViewProtocol.swift */; };
		24964D28285EDAEE0039A367 /* DetailsRouter.swift in Sources */ = {isa = PBXBuildFile; fileRef = 24964D27285EDAEE0039A367 /* DetailsRouter.swift */; };
		24964D2A285EDB380039A367 /* DetailsPresenter.swift in Sources */ = {isa = PBXBuildFile; fileRef = 24964D29285EDB380039A367 /* DetailsPresenter.swift */; };
		24964D2C285EDB8F0039A367 /* DetailsInteractor.swift in Sources */ = {isa = PBXBuildFile; fileRef = 24964D2B285EDB8F0039A367 /* DetailsInteractor.swift */; };
		24964D2E285EDBAE0039A367 /* DetailsViewController.swift in Sources */ = {isa = PBXBuildFile; fileRef = 24964D2D285EDBAE0039A367 /* DetailsViewController.swift */; };
/* End PBXBuildFile section */

/* Begin PBXContainerItemProxy section */
		246D64CA285E403600D4601D /* PBXContainerItemProxy */ = {
			isa = PBXContainerItemProxy;
			containerPortal = 246D64AB285E403600D4601D /* Project object */;
			proxyType = 1;
			remoteGlobalIDString = 246D64B2285E403600D4601D;
			remoteInfo = mercadolibreTest;
		};
		246D64D4285E403600D4601D /* PBXContainerItemProxy */ = {
			isa = PBXContainerItemProxy;
			containerPortal = 246D64AB285E403600D4601D /* Project object */;
			proxyType = 1;
			remoteGlobalIDString = 246D64B2285E403600D4601D;
			remoteInfo = mercadolibreTest;
		};
/* End PBXContainerItemProxy section */

/* Begin PBXFileReference section */
		246D64B3285E403600D4601D /* mercadolibreTest.app */ = {isa = PBXFileReference; explicitFileType = wrapper.application; includeInIndex = 0; path = mercadolibreTest.app; sourceTree = BUILT_PRODUCTS_DIR; };
		246D64B6285E403600D4601D /* AppDelegate.swift */ = {isa = PBXFileReference; lastKnownFileType = sourcecode.swift; path = AppDelegate.swift; sourceTree = "<group>"; };
		246D64BA285E403600D4601D /* SearchViewController.swift */ = {isa = PBXFileReference; lastKnownFileType = sourcecode.swift; path = SearchViewController.swift; sourceTree = "<group>"; };
		246D64BF285E403600D4601D /* Assets.xcassets */ = {isa = PBXFileReference; lastKnownFileType = folder.assetcatalog; path = Assets.xcassets; sourceTree = "<group>"; };
		246D64C2285E403600D4601D /* Base */ = {isa = PBXFileReference; lastKnownFileType = file.storyboard; name = Base; path = Base.lproj/LaunchScreen.storyboard; sourceTree = "<group>"; };
		246D64C4285E403600D4601D /* Info.plist */ = {isa = PBXFileReference; lastKnownFileType = text.plist.xml; path = Info.plist; sourceTree = "<group>"; };
		246D64C9285E403600D4601D /* mercadolibreTestTests.xctest */ = {isa = PBXFileReference; explicitFileType = wrapper.cfbundle; includeInIndex = 0; path = mercadolibreTestTests.xctest; sourceTree = BUILT_PRODUCTS_DIR; };
		246D64CD285E403600D4601D /* mercadolibreTestTests.swift */ = {isa = PBXFileReference; lastKnownFileType = sourcecode.swift; path = mercadolibreTestTests.swift; sourceTree = "<group>"; };
		246D64D3285E403600D4601D /* mercadolibreTestUITests.xctest */ = {isa = PBXFileReference; explicitFileType = wrapper.cfbundle; includeInIndex = 0; path = mercadolibreTestUITests.xctest; sourceTree = BUILT_PRODUCTS_DIR; };
		246D64D7285E403600D4601D /* mercadolibreTestUITests.swift */ = {isa = PBXFileReference; lastKnownFileType = sourcecode.swift; path = mercadolibreTestUITests.swift; sourceTree = "<group>"; };
		246D64D9285E403600D4601D /* mercadolibreTestUITestsLaunchTests.swift */ = {isa = PBXFileReference; lastKnownFileType = sourcecode.swift; path = mercadolibreTestUITestsLaunchTests.swift; sourceTree = "<group>"; };
		24964CE4285E491C0039A367 /* URLGenerator.swift */ = {isa = PBXFileReference; lastKnownFileType = sourcecode.swift; path = URLGenerator.swift; sourceTree = "<group>"; };
		24964CE7285E492B0039A367 /* Networker.swift */ = {isa = PBXFileReference; lastKnownFileType = sourcecode.swift; path = Networker.swift; sourceTree = "<group>"; };
		24964CF1285EBF260039A367 /* ProductProtocol.swift */ = {isa = PBXFileReference; lastKnownFileType = sourcecode.swift; path = ProductProtocol.swift; sourceTree = "<group>"; };
		24964CF3285ECF2F0039A367 /* Product.swift */ = {isa = PBXFileReference; lastKnownFileType = sourcecode.swift; path = Product.swift; sourceTree = "<group>"; };
		24964CF5285ED0F90039A367 /* SearchWorker.swift */ = {isa = PBXFileReference; lastKnownFileType = sourcecode.swift; path = SearchWorker.swift; sourceTree = "<group>"; };
		24964CF7285ED1690039A367 /* SearchRouterProtocol.swift */ = {isa = PBXFileReference; lastKnownFileType = sourcecode.swift; path = SearchRouterProtocol.swift; sourceTree = "<group>"; };
		24964CF9285ED1B80039A367 /* SearchPresenterProtocol.swift */ = {isa = PBXFileReference; lastKnownFileType = sourcecode.swift; path = SearchPresenterProtocol.swift; sourceTree = "<group>"; };
		24964CFB285ED1CA0039A367 /* SearchInteractorProtocol.swift */ = {isa = PBXFileReference; lastKnownFileType = sourcecode.swift; path = SearchInteractorProtocol.swift; sourceTree = "<group>"; };
		24964CFD285ED1E20039A367 /* SearchViewProtocol.swift */ = {isa = PBXFileReference; lastKnownFileType = sourcecode.swift; path = SearchViewProtocol.swift; sourceTree = "<group>"; };
		24964CFF285ED36C0039A367 /* SearchRouter.swift */ = {isa = PBXFileReference; lastKnownFileType = sourcecode.swift; path = SearchRouter.swift; sourceTree = "<group>"; };
		24964D01285ED3950039A367 /* SearchPresenter.swift */ = {isa = PBXFileReference; lastKnownFileType = sourcecode.swift; path = SearchPresenter.swift; sourceTree = "<group>"; };
		24964D03285ED3B10039A367 /* SearchInteractor.swift */ = {isa = PBXFileReference; lastKnownFileType = sourcecode.swift; path = SearchInteractor.swift; sourceTree = "<group>"; };
		24964D05285ED4AD0039A367 /* ResultsRouterProtocol.swift */ = {isa = PBXFileReference; lastKnownFileType = sourcecode.swift; path = ResultsRouterProtocol.swift; sourceTree = "<group>"; };
		24964D07285ED4CC0039A367 /* ResultsPresenterProtocol.swift */ = {isa = PBXFileReference; lastKnownFileType = sourcecode.swift; path = ResultsPresenterProtocol.swift; sourceTree = "<group>"; };
		24964D09285ED5000039A367 /* ResultsInteractorProtocol.swift */ = {isa = PBXFileReference; lastKnownFileType = sourcecode.swift; path = ResultsInteractorProtocol.swift; sourceTree = "<group>"; };
		24964D0B285ED5440039A367 /* ResultsViewProtocol.swift */ = {isa = PBXFileReference; lastKnownFileType = sourcecode.swift; path = ResultsViewProtocol.swift; sourceTree = "<group>"; };
		24964D0D285ED56A0039A367 /* ResultsWorker.swift */ = {isa = PBXFileReference; lastKnownFileType = sourcecode.swift; path = ResultsWorker.swift; sourceTree = "<group>"; };
		24964D0F285ED5A80039A367 /* ResultsRouter.swift */ = {isa = PBXFileReference; lastKnownFileType = sourcecode.swift; path = ResultsRouter.swift; sourceTree = "<group>"; };
		24964D11285ED61C0039A367 /* ResultsPresenter.swift */ = {isa = PBXFileReference; lastKnownFileType = sourcecode.swift; path = ResultsPresenter.swift; sourceTree = "<group>"; };
		24964D13285ED6830039A367 /* ResultsInteractor.swift */ = {isa = PBXFileReference; lastKnownFileType = sourcecode.swift; path = ResultsInteractor.swift; sourceTree = "<group>"; };
		24964D15285ED6AB0039A367 /* ResultsViewController.swift */ = {isa = PBXFileReference; lastKnownFileType = sourcecode.swift; path = ResultsViewController.swift; sourceTree = "<group>"; };
		24964D17285ED6E90039A367 /* ResultItemCollectionViewCell.swift */ = {isa = PBXFileReference; lastKnownFileType = sourcecode.swift; path = ResultItemCollectionViewCell.swift; sourceTree = "<group>"; };
		24964D1B285ED75D0039A367 /* DataSource.swift */ = {isa = PBXFileReference; lastKnownFileType = sourcecode.swift; path = DataSource.swift; sourceTree = "<group>"; };
		24964D1D285ED9150039A367 /* DetailsWorker.swift */ = {isa = PBXFileReference; lastKnownFileType = sourcecode.swift; path = DetailsWorker.swift; sourceTree = "<group>"; };
		24964D1F285ED9C70039A367 /* DetailsRouterProtocol.swift */ = {isa = PBXFileReference; lastKnownFileType = sourcecode.swift; path = DetailsRouterProtocol.swift; sourceTree = "<group>"; };
		24964D21285EDA490039A367 /* DetailsPresenterProtocol.swift */ = {isa = PBXFileReference; lastKnownFileType = sourcecode.swift; path = DetailsPresenterProtocol.swift; sourceTree = "<group>"; };
		24964D23285EDA6B0039A367 /* DetailsInteractorProtocol.swift */ = {isa = PBXFileReference; lastKnownFileType = sourcecode.swift; path = DetailsInteractorProtocol.swift; sourceTree = "<group>"; };
		24964D25285EDAAF0039A367 /* DetailsViewProtocol.swift */ = {isa = PBXFileReference; lastKnownFileType = sourcecode.swift; path = DetailsViewProtocol.swift; sourceTree = "<group>"; };
		24964D27285EDAEE0039A367 /* DetailsRouter.swift */ = {isa = PBXFileReference; lastKnownFileType = sourcecode.swift; path = DetailsRouter.swift; sourceTree = "<group>"; };
		24964D29285EDB380039A367 /* DetailsPresenter.swift */ = {isa = PBXFileReference; lastKnownFileType = sourcecode.swift; path = DetailsPresenter.swift; sourceTree = "<group>"; };
		24964D2B285EDB8F0039A367 /* DetailsInteractor.swift */ = {isa = PBXFileReference; lastKnownFileType = sourcecode.swift; path = DetailsInteractor.swift; sourceTree = "<group>"; };
		24964D2D285EDBAE0039A367 /* DetailsViewController.swift */ = {isa = PBXFileReference; lastKnownFileType = sourcecode.swift; path = DetailsViewController.swift; sourceTree = "<group>"; };
/* End PBXFileReference section */

/* Begin PBXFrameworksBuildPhase section */
		246D64B0285E403600D4601D /* Frameworks */ = {
			isa = PBXFrameworksBuildPhase;
			buildActionMask = 2147483647;
			files = (
			);
			runOnlyForDeploymentPostprocessing = 0;
		};
		246D64C6285E403600D4601D /* Frameworks */ = {
			isa = PBXFrameworksBuildPhase;
			buildActionMask = 2147483647;
			files = (
			);
			runOnlyForDeploymentPostprocessing = 0;
		};
		246D64D0285E403600D4601D /* Frameworks */ = {
			isa = PBXFrameworksBuildPhase;
			buildActionMask = 2147483647;
			files = (
			);
			runOnlyForDeploymentPostprocessing = 0;
		};
/* End PBXFrameworksBuildPhase section */

/* Begin PBXGroup section */
		246D64AA285E403600D4601D = {
			isa = PBXGroup;
			children = (
				246D64B5285E403600D4601D /* mercadolibreTest */,
				246D64CC285E403600D4601D /* mercadolibreTestTests */,
				246D64D6285E403600D4601D /* mercadolibreTestUITests */,
				246D64B4285E403600D4601D /* Products */,
			);
			sourceTree = "<group>";
		};
		246D64B4285E403600D4601D /* Products */ = {
			isa = PBXGroup;
			children = (
				246D64B3285E403600D4601D /* mercadolibreTest.app */,
				246D64C9285E403600D4601D /* mercadolibreTestTests.xctest */,
				246D64D3285E403600D4601D /* mercadolibreTestUITests.xctest */,
			);
			name = Products;
			sourceTree = "<group>";
		};
		246D64B5285E403600D4601D /* mercadolibreTest */ = {
			isa = PBXGroup;
			children = (
				24964CDF285E476A0039A367 /* Models */,
				24964CDE285E47570039A367 /* Modules */,
				24964CDC285E45860039A367 /* Utils */,
				246D64B6285E403600D4601D /* AppDelegate.swift */,
				246D64BF285E403600D4601D /* Assets.xcassets */,
				246D64C1285E403600D4601D /* LaunchScreen.storyboard */,
				246D64C4285E403600D4601D /* Info.plist */,
			);
			path = mercadolibreTest;
			sourceTree = "<group>";
		};
		246D64CC285E403600D4601D /* mercadolibreTestTests */ = {
			isa = PBXGroup;
			children = (
				246D64CD285E403600D4601D /* mercadolibreTestTests.swift */,
			);
			path = mercadolibreTestTests;
			sourceTree = "<group>";
		};
		246D64D6285E403600D4601D /* mercadolibreTestUITests */ = {
			isa = PBXGroup;
			children = (
				246D64D7285E403600D4601D /* mercadolibreTestUITests.swift */,
				246D64D9285E403600D4601D /* mercadolibreTestUITestsLaunchTests.swift */,
			);
			path = mercadolibreTestUITests;
			sourceTree = "<group>";
		};
		24964CDC285E45860039A367 /* Utils */ = {
			isa = PBXGroup;
			children = (
				24964CE1285E48300039A367 /* Managers */,
				24964CE0285E47750039A367 /* Datasources */,
				24964CDD285E458F0039A367 /* Network */,
			);
			path = Utils;
			sourceTree = "<group>";
		};
		24964CDD285E458F0039A367 /* Network */ = {
			isa = PBXGroup;
			children = (
				24964CE4285E491C0039A367 /* URLGenerator.swift */,
				24964CE7285E492B0039A367 /* Networker.swift */,
			);
			path = Network;
			sourceTree = "<group>";
		};
		24964CDE285E47570039A367 /* Modules */ = {
			isa = PBXGroup;
			children = (
				24964CEB285E4C310039A367 /* Search */,
				24964CEA285E4C2A0039A367 /* Results */,
				24964CE9285E4C220039A367 /* Details */,
			);
			path = Modules;
			sourceTree = "<group>";
		};
		24964CDF285E476A0039A367 /* Models */ = {
			isa = PBXGroup;
			children = (
				24964CE2285E483B0039A367 /* Protocols */,
				24964CE3285E48400039A367 /* Entities */,
			);
			path = Models;
			sourceTree = "<group>";
		};
		24964CE0285E47750039A367 /* Datasources */ = {
			isa = PBXGroup;
			children = (
				24964D1B285ED75D0039A367 /* DataSource.swift */,
			);
			path = Datasources;
			sourceTree = "<group>";
		};
		24964CE1285E48300039A367 /* Managers */ = {
			isa = PBXGroup;
			children = (
			);
			path = Managers;
			sourceTree = "<group>";
		};
		24964CE2285E483B0039A367 /* Protocols */ = {
			isa = PBXGroup;
			children = (
				24964CF1285EBF260039A367 /* ProductProtocol.swift */,
			);
			path = Protocols;
			sourceTree = "<group>";
		};
		24964CE3285E48400039A367 /* Entities */ = {
			isa = PBXGroup;
			children = (
				24964CF3285ECF2F0039A367 /* Product.swift */,
			);
			path = Entities;
			sourceTree = "<group>";
		};
		24964CE9285E4C220039A367 /* Details */ = {
			isa = PBXGroup;
			children = (
				24964D1A285ED70D0039A367 /* Protocols */,
				24964D19285ED7050039A367 /* Network */,
				24964D27285EDAEE0039A367 /* DetailsRouter.swift */,
				24964D29285EDB380039A367 /* DetailsPresenter.swift */,
				24964D2B285EDB8F0039A367 /* DetailsInteractor.swift */,
				24964D2D285EDBAE0039A367 /* DetailsViewController.swift */,
			);
			path = Details;
			sourceTree = "<group>";
		};
		24964CEA285E4C2A0039A367 /* Results */ = {
			isa = PBXGroup;
			children = (
				24964CF0285E4C770039A367 /* Network */,
				24964CEF285E4C6C0039A367 /* Protocols */,
				24964CEE285E4C660039A367 /* Cells */,
				24964D0F285ED5A80039A367 /* ResultsRouter.swift */,
				24964D11285ED61C0039A367 /* ResultsPresenter.swift */,
				24964D13285ED6830039A367 /* ResultsInteractor.swift */,
				24964D15285ED6AB0039A367 /* ResultsViewController.swift */,
			);
			path = Results;
			sourceTree = "<group>";
		};
		24964CEB285E4C310039A367 /* Search */ = {
			isa = PBXGroup;
			children = (
				24964CED285E4C4F0039A367 /* Network */,
				24964CEC285E4C490039A367 /* Protocols */,
				24964CFF285ED36C0039A367 /* SearchRouter.swift */,
				24964D01285ED3950039A367 /* SearchPresenter.swift */,
				24964D03285ED3B10039A367 /* SearchInteractor.swift */,
				246D64BA285E403600D4601D /* SearchViewController.swift */,
			);
			path = Search;
			sourceTree = "<group>";
		};
		24964CEC285E4C490039A367 /* Protocols */ = {
			isa = PBXGroup;
			children = (
				24964CF7285ED1690039A367 /* SearchRouterProtocol.swift */,
				24964CF9285ED1B80039A367 /* SearchPresenterProtocol.swift */,
				24964CFB285ED1CA0039A367 /* SearchInteractorProtocol.swift */,
				24964CFD285ED1E20039A367 /* SearchViewProtocol.swift */,
			);
			path = Protocols;
			sourceTree = "<group>";
		};
		24964CED285E4C4F0039A367 /* Network */ = {
			isa = PBXGroup;
			children = (
				24964CF5285ED0F90039A367 /* SearchWorker.swift */,
			);
			path = Network;
			sourceTree = "<group>";
		};
		24964CEE285E4C660039A367 /* Cells */ = {
			isa = PBXGroup;
			children = (
				24964D17285ED6E90039A367 /* ResultItemCollectionViewCell.swift */,
			);
			path = Cells;
			sourceTree = "<group>";
		};
		24964CEF285E4C6C0039A367 /* Protocols */ = {
			isa = PBXGroup;
			children = (
				24964D05285ED4AD0039A367 /* ResultsRouterProtocol.swift */,
				24964D07285ED4CC0039A367 /* ResultsPresenterProtocol.swift */,
				24964D09285ED5000039A367 /* ResultsInteractorProtocol.swift */,
				24964D0B285ED5440039A367 /* ResultsViewProtocol.swift */,
			);
			path = Protocols;
			sourceTree = "<group>";
		};
		24964CF0285E4C770039A367 /* Network */ = {
			isa = PBXGroup;
			children = (
				24964D0D285ED56A0039A367 /* ResultsWorker.swift */,
			);
			path = Network;
			sourceTree = "<group>";
		};
		24964D19285ED7050039A367 /* Network */ = {
			isa = PBXGroup;
			children = (
				24964D1D285ED9150039A367 /* DetailsWorker.swift */,
			);
			path = Network;
			sourceTree = "<group>";
		};
		24964D1A285ED70D0039A367 /* Protocols */ = {
			isa = PBXGroup;
			children = (
				24964D1F285ED9C70039A367 /* DetailsRouterProtocol.swift */,
				24964D21285EDA490039A367 /* DetailsPresenterProtocol.swift */,
				24964D23285EDA6B0039A367 /* DetailsInteractorProtocol.swift */,
				24964D25285EDAAF0039A367 /* DetailsViewProtocol.swift */,
			);
			path = Protocols;
			sourceTree = "<group>";
		};
/* End PBXGroup section */

/* Begin PBXNativeTarget section */
		246D64B2285E403600D4601D /* mercadolibreTest */ = {
			isa = PBXNativeTarget;
			buildConfigurationList = 246D64DD285E403600D4601D /* Build configuration list for PBXNativeTarget "mercadolibreTest" */;
			buildPhases = (
				246D64AF285E403600D4601D /* Sources */,
				246D64B0285E403600D4601D /* Frameworks */,
				246D64B1285E403600D4601D /* Resources */,
			);
			buildRules = (
			);
			dependencies = (
			);
			name = mercadolibreTest;
			productName = mercadolibreTest;
			productReference = 246D64B3285E403600D4601D /* mercadolibreTest.app */;
			productType = "com.apple.product-type.application";
		};
		246D64C8285E403600D4601D /* mercadolibreTestTests */ = {
			isa = PBXNativeTarget;
			buildConfigurationList = 246D64E0285E403600D4601D /* Build configuration list for PBXNativeTarget "mercadolibreTestTests" */;
			buildPhases = (
				246D64C5285E403600D4601D /* Sources */,
				246D64C6285E403600D4601D /* Frameworks */,
				246D64C7285E403600D4601D /* Resources */,
			);
			buildRules = (
			);
			dependencies = (
				246D64CB285E403600D4601D /* PBXTargetDependency */,
			);
			name = mercadolibreTestTests;
			productName = mercadolibreTestTests;
			productReference = 246D64C9285E403600D4601D /* mercadolibreTestTests.xctest */;
			productType = "com.apple.product-type.bundle.unit-test";
		};
		246D64D2285E403600D4601D /* mercadolibreTestUITests */ = {
			isa = PBXNativeTarget;
			buildConfigurationList = 246D64E3285E403600D4601D /* Build configuration list for PBXNativeTarget "mercadolibreTestUITests" */;
			buildPhases = (
				246D64CF285E403600D4601D /* Sources */,
				246D64D0285E403600D4601D /* Frameworks */,
				246D64D1285E403600D4601D /* Resources */,
			);
			buildRules = (
			);
			dependencies = (
				246D64D5285E403600D4601D /* PBXTargetDependency */,
			);
			name = mercadolibreTestUITests;
			productName = mercadolibreTestUITests;
			productReference = 246D64D3285E403600D4601D /* mercadolibreTestUITests.xctest */;
			productType = "com.apple.product-type.bundle.ui-testing";
		};
/* End PBXNativeTarget section */

/* Begin PBXProject section */
		246D64AB285E403600D4601D /* Project object */ = {
			isa = PBXProject;
			attributes = {
				BuildIndependentTargetsInParallel = 1;
				LastSwiftUpdateCheck = 1330;
				LastUpgradeCheck = 1330;
				TargetAttributes = {
					246D64B2285E403600D4601D = {
						CreatedOnToolsVersion = 13.3.1;
					};
					246D64C8285E403600D4601D = {
						CreatedOnToolsVersion = 13.3.1;
						TestTargetID = 246D64B2285E403600D4601D;
					};
					246D64D2285E403600D4601D = {
						CreatedOnToolsVersion = 13.3.1;
						TestTargetID = 246D64B2285E403600D4601D;
					};
				};
			};
			buildConfigurationList = 246D64AE285E403600D4601D /* Build configuration list for PBXProject "mercadolibreTest" */;
			compatibilityVersion = "Xcode 13.0";
			developmentRegion = en;
			hasScannedForEncodings = 0;
			knownRegions = (
				en,
				Base,
			);
			mainGroup = 246D64AA285E403600D4601D;
			productRefGroup = 246D64B4285E403600D4601D /* Products */;
			projectDirPath = "";
			projectRoot = "";
			targets = (
				246D64B2285E403600D4601D /* mercadolibreTest */,
				246D64C8285E403600D4601D /* mercadolibreTestTests */,
				246D64D2285E403600D4601D /* mercadolibreTestUITests */,
			);
		};
/* End PBXProject section */

/* Begin PBXResourcesBuildPhase section */
		246D64B1285E403600D4601D /* Resources */ = {
			isa = PBXResourcesBuildPhase;
			buildActionMask = 2147483647;
			files = (
				246D64C3285E403600D4601D /* LaunchScreen.storyboard in Resources */,
				246D64C0285E403600D4601D /* Assets.xcassets in Resources */,
			);
			runOnlyForDeploymentPostprocessing = 0;
		};
		246D64C7285E403600D4601D /* Resources */ = {
			isa = PBXResourcesBuildPhase;
			buildActionMask = 2147483647;
			files = (
			);
			runOnlyForDeploymentPostprocessing = 0;
		};
		246D64D1285E403600D4601D /* Resources */ = {
			isa = PBXResourcesBuildPhase;
			buildActionMask = 2147483647;
			files = (
			);
			runOnlyForDeploymentPostprocessing = 0;
		};
/* End PBXResourcesBuildPhase section */

/* Begin PBXSourcesBuildPhase section */
		246D64AF285E403600D4601D /* Sources */ = {
			isa = PBXSourcesBuildPhase;
			buildActionMask = 2147483647;
			files = (
				24964D12285ED61C0039A367 /* ResultsPresenter.swift in Sources */,
				24964D16285ED6AB0039A367 /* ResultsViewController.swift in Sources */,
				24964D14285ED6830039A367 /* ResultsInteractor.swift in Sources */,
				24964D20285ED9C70039A367 /* DetailsRouterProtocol.swift in Sources */,
				24964D0A285ED5000039A367 /* ResultsInteractorProtocol.swift in Sources */,
				24964D00285ED36C0039A367 /* SearchRouter.swift in Sources */,
				24964CE8285E492B0039A367 /* Networker.swift in Sources */,
				246D64BB285E403600D4601D /* SearchViewController.swift in Sources */,
				24964CFA285ED1B80039A367 /* SearchPresenterProtocol.swift in Sources */,
				24964D2E285EDBAE0039A367 /* DetailsViewController.swift in Sources */,
				24964D06285ED4AE0039A367 /* ResultsRouterProtocol.swift in Sources */,
				24964D08285ED4CC0039A367 /* ResultsPresenterProtocol.swift in Sources */,
				24964D18285ED6E90039A367 /* ResultItemCollectionViewCell.swift in Sources */,
				24964CF2285EBF260039A367 /* ProductProtocol.swift in Sources */,
				24964D26285EDAAF0039A367 /* DetailsViewProtocol.swift in Sources */,
				24964D28285EDAEE0039A367 /* DetailsRouter.swift in Sources */,
				24964D2A285EDB380039A367 /* DetailsPresenter.swift in Sources */,
				24964CE5285E491C0039A367 /* URLGenerator.swift in Sources */,
				24964D04285ED3B10039A367 /* SearchInteractor.swift in Sources */,
				246D64B7285E403600D4601D /* AppDelegate.swift in Sources */,
				24964CF6285ED0F90039A367 /* SearchWorker.swift in Sources */,
				24964CF8285ED1690039A367 /* SearchRouterProtocol.swift in Sources */,
				24964D0E285ED56A0039A367 /* ResultsWorker.swift in Sources */,
				24964D24285EDA6B0039A367 /* DetailsInteractorProtocol.swift in Sources */,
				24964D02285ED3950039A367 /* SearchPresenter.swift in Sources */,
				24964CFE285ED1E20039A367 /* SearchViewProtocol.swift in Sources */,
				24964CFC285ED1CA0039A367 /* SearchInteractorProtocol.swift in Sources */,
				24964D10285ED5A80039A367 /* ResultsRouter.swift in Sources */,
				24964D1E285ED9150039A367 /* DetailsWorker.swift in Sources */,
				24964CF4285ECF2F0039A367 /* Product.swift in Sources */,
				24964D22285EDA490039A367 /* DetailsPresenterProtocol.swift in Sources */,
				24964D1C285ED75D0039A367 /* DataSource.swift in Sources */,
				24964D2C285EDB8F0039A367 /* DetailsInteractor.swift in Sources */,
				24964D0C285ED5440039A367 /* ResultsViewProtocol.swift in Sources */,
			);
			runOnlyForDeploymentPostprocessing = 0;
		};
		246D64C5285E403600D4601D /* Sources */ = {
			isa = PBXSourcesBuildPhase;
			buildActionMask = 2147483647;
			files = (
				246D64CE285E403600D4601D /* mercadolibreTestTests.swift in Sources */,
			);
			runOnlyForDeploymentPostprocessing = 0;
		};
		246D64CF285E403600D4601D /* Sources */ = {
			isa = PBXSourcesBuildPhase;
			buildActionMask = 2147483647;
			files = (
				246D64D8285E403600D4601D /* mercadolibreTestUITests.swift in Sources */,
				246D64DA285E403600D4601D /* mercadolibreTestUITestsLaunchTests.swift in Sources */,
			);
			runOnlyForDeploymentPostprocessing = 0;
		};
/* End PBXSourcesBuildPhase section */

/* Begin PBXTargetDependency section */
		246D64CB285E403600D4601D /* PBXTargetDependency */ = {
			isa = PBXTargetDependency;
			target = 246D64B2285E403600D4601D /* mercadolibreTest */;
			targetProxy = 246D64CA285E403600D4601D /* PBXContainerItemProxy */;
		};
		246D64D5285E403600D4601D /* PBXTargetDependency */ = {
			isa = PBXTargetDependency;
			target = 246D64B2285E403600D4601D /* mercadolibreTest */;
			targetProxy = 246D64D4285E403600D4601D /* PBXContainerItemProxy */;
		};
/* End PBXTargetDependency section */

/* Begin PBXVariantGroup section */
		246D64C1285E403600D4601D /* LaunchScreen.storyboard */ = {
			isa = PBXVariantGroup;
			children = (
				246D64C2285E403600D4601D /* Base */,
			);
			name = LaunchScreen.storyboard;
			sourceTree = "<group>";
		};
/* End PBXVariantGroup section */

/* Begin XCBuildConfiguration section */
		246D64DB285E403600D4601D /* Debug */ = {
			isa = XCBuildConfiguration;
			buildSettings = {
				ALWAYS_SEARCH_USER_PATHS = NO;
				CLANG_ANALYZER_NONNULL = YES;
				CLANG_ANALYZER_NUMBER_OBJECT_CONVERSION = YES_AGGRESSIVE;
				CLANG_CXX_LANGUAGE_STANDARD = "gnu++17";
				CLANG_ENABLE_MODULES = YES;
				CLANG_ENABLE_OBJC_ARC = YES;
				CLANG_ENABLE_OBJC_WEAK = YES;
				CLANG_WARN_BLOCK_CAPTURE_AUTORELEASING = YES;
				CLANG_WARN_BOOL_CONVERSION = YES;
				CLANG_WARN_COMMA = YES;
				CLANG_WARN_CONSTANT_CONVERSION = YES;
				CLANG_WARN_DEPRECATED_OBJC_IMPLEMENTATIONS = YES;
				CLANG_WARN_DIRECT_OBJC_ISA_USAGE = YES_ERROR;
				CLANG_WARN_DOCUMENTATION_COMMENTS = YES;
				CLANG_WARN_EMPTY_BODY = YES;
				CLANG_WARN_ENUM_CONVERSION = YES;
				CLANG_WARN_INFINITE_RECURSION = YES;
				CLANG_WARN_INT_CONVERSION = YES;
				CLANG_WARN_NON_LITERAL_NULL_CONVERSION = YES;
				CLANG_WARN_OBJC_IMPLICIT_RETAIN_SELF = YES;
				CLANG_WARN_OBJC_LITERAL_CONVERSION = YES;
				CLANG_WARN_OBJC_ROOT_CLASS = YES_ERROR;
				CLANG_WARN_QUOTED_INCLUDE_IN_FRAMEWORK_HEADER = YES;
				CLANG_WARN_RANGE_LOOP_ANALYSIS = YES;
				CLANG_WARN_STRICT_PROTOTYPES = YES;
				CLANG_WARN_SUSPICIOUS_MOVE = YES;
				CLANG_WARN_UNGUARDED_AVAILABILITY = YES_AGGRESSIVE;
				CLANG_WARN_UNREACHABLE_CODE = YES;
				CLANG_WARN__DUPLICATE_METHOD_MATCH = YES;
				COPY_PHASE_STRIP = NO;
				DEBUG_INFORMATION_FORMAT = dwarf;
				ENABLE_STRICT_OBJC_MSGSEND = YES;
				ENABLE_TESTABILITY = YES;
				GCC_C_LANGUAGE_STANDARD = gnu11;
				GCC_DYNAMIC_NO_PIC = NO;
				GCC_NO_COMMON_BLOCKS = YES;
				GCC_OPTIMIZATION_LEVEL = 0;
				GCC_PREPROCESSOR_DEFINITIONS = (
					"DEBUG=1",
					"$(inherited)",
				);
				GCC_WARN_64_TO_32_BIT_CONVERSION = YES;
				GCC_WARN_ABOUT_RETURN_TYPE = YES_ERROR;
				GCC_WARN_UNDECLARED_SELECTOR = YES;
				GCC_WARN_UNINITIALIZED_AUTOS = YES_AGGRESSIVE;
				GCC_WARN_UNUSED_FUNCTION = YES;
				GCC_WARN_UNUSED_VARIABLE = YES;
				IPHONEOS_DEPLOYMENT_TARGET = 15.4;
				MTL_ENABLE_DEBUG_INFO = INCLUDE_SOURCE;
				MTL_FAST_MATH = YES;
				ONLY_ACTIVE_ARCH = YES;
				SDKROOT = iphoneos;
				SWIFT_ACTIVE_COMPILATION_CONDITIONS = DEBUG;
				SWIFT_OPTIMIZATION_LEVEL = "-Onone";
			};
			name = Debug;
		};
		246D64DC285E403600D4601D /* Release */ = {
			isa = XCBuildConfiguration;
			buildSettings = {
				ALWAYS_SEARCH_USER_PATHS = NO;
				CLANG_ANALYZER_NONNULL = YES;
				CLANG_ANALYZER_NUMBER_OBJECT_CONVERSION = YES_AGGRESSIVE;
				CLANG_CXX_LANGUAGE_STANDARD = "gnu++17";
				CLANG_ENABLE_MODULES = YES;
				CLANG_ENABLE_OBJC_ARC = YES;
				CLANG_ENABLE_OBJC_WEAK = YES;
				CLANG_WARN_BLOCK_CAPTURE_AUTORELEASING = YES;
				CLANG_WARN_BOOL_CONVERSION = YES;
				CLANG_WARN_COMMA = YES;
				CLANG_WARN_CONSTANT_CONVERSION = YES;
				CLANG_WARN_DEPRECATED_OBJC_IMPLEMENTATIONS = YES;
				CLANG_WARN_DIRECT_OBJC_ISA_USAGE = YES_ERROR;
				CLANG_WARN_DOCUMENTATION_COMMENTS = YES;
				CLANG_WARN_EMPTY_BODY = YES;
				CLANG_WARN_ENUM_CONVERSION = YES;
				CLANG_WARN_INFINITE_RECURSION = YES;
				CLANG_WARN_INT_CONVERSION = YES;
				CLANG_WARN_NON_LITERAL_NULL_CONVERSION = YES;
				CLANG_WARN_OBJC_IMPLICIT_RETAIN_SELF = YES;
				CLANG_WARN_OBJC_LITERAL_CONVERSION = YES;
				CLANG_WARN_OBJC_ROOT_CLASS = YES_ERROR;
				CLANG_WARN_QUOTED_INCLUDE_IN_FRAMEWORK_HEADER = YES;
				CLANG_WARN_RANGE_LOOP_ANALYSIS = YES;
				CLANG_WARN_STRICT_PROTOTYPES = YES;
				CLANG_WARN_SUSPICIOUS_MOVE = YES;
				CLANG_WARN_UNGUARDED_AVAILABILITY = YES_AGGRESSIVE;
				CLANG_WARN_UNREACHABLE_CODE = YES;
				CLANG_WARN__DUPLICATE_METHOD_MATCH = YES;
				COPY_PHASE_STRIP = NO;
				DEBUG_INFORMATION_FORMAT = "dwarf-with-dsym";
				ENABLE_NS_ASSERTIONS = NO;
				ENABLE_STRICT_OBJC_MSGSEND = YES;
				GCC_C_LANGUAGE_STANDARD = gnu11;
				GCC_NO_COMMON_BLOCKS = YES;
				GCC_WARN_64_TO_32_BIT_CONVERSION = YES;
				GCC_WARN_ABOUT_RETURN_TYPE = YES_ERROR;
				GCC_WARN_UNDECLARED_SELECTOR = YES;
				GCC_WARN_UNINITIALIZED_AUTOS = YES_AGGRESSIVE;
				GCC_WARN_UNUSED_FUNCTION = YES;
				GCC_WARN_UNUSED_VARIABLE = YES;
				IPHONEOS_DEPLOYMENT_TARGET = 15.4;
				MTL_ENABLE_DEBUG_INFO = NO;
				MTL_FAST_MATH = YES;
				SDKROOT = iphoneos;
				SWIFT_COMPILATION_MODE = wholemodule;
				SWIFT_OPTIMIZATION_LEVEL = "-O";
				VALIDATE_PRODUCT = YES;
			};
			name = Release;
		};
		246D64DE285E403600D4601D /* Debug */ = {
			isa = XCBuildConfiguration;
			buildSettings = {
				ASSETCATALOG_COMPILER_APPICON_NAME = AppIcon;
				ASSETCATALOG_COMPILER_GLOBAL_ACCENT_COLOR_NAME = AccentColor;
				CODE_SIGN_STYLE = Automatic;
				CURRENT_PROJECT_VERSION = 1;
				DEVELOPMENT_TEAM = 929LF3XGVG;
				GENERATE_INFOPLIST_FILE = YES;
				INFOPLIST_FILE = mercadolibreTest/Info.plist;
				INFOPLIST_KEY_UIApplicationSupportsIndirectInputEvents = YES;
				INFOPLIST_KEY_UILaunchStoryboardName = LaunchScreen;
				INFOPLIST_KEY_UISupportedInterfaceOrientations_iPad = "UIInterfaceOrientationPortrait UIInterfaceOrientationPortraitUpsideDown UIInterfaceOrientationLandscapeLeft UIInterfaceOrientationLandscapeRight";
				INFOPLIST_KEY_UISupportedInterfaceOrientations_iPhone = "UIInterfaceOrientationPortrait UIInterfaceOrientationLandscapeLeft UIInterfaceOrientationLandscapeRight";
				LD_RUNPATH_SEARCH_PATHS = (
					"$(inherited)",
					"@executable_path/Frameworks",
				);
				MARKETING_VERSION = 1.0;
				PRODUCT_BUNDLE_IDENTIFIER = com.ivan.mercadolibreTest;
				PRODUCT_NAME = "$(TARGET_NAME)";
				SWIFT_EMIT_LOC_STRINGS = YES;
				SWIFT_VERSION = 5.0;
				TARGETED_DEVICE_FAMILY = "1,2";
			};
			name = Debug;
		};
		246D64DF285E403600D4601D /* Release */ = {
			isa = XCBuildConfiguration;
			buildSettings = {
				ASSETCATALOG_COMPILER_APPICON_NAME = AppIcon;
				ASSETCATALOG_COMPILER_GLOBAL_ACCENT_COLOR_NAME = AccentColor;
				CODE_SIGN_STYLE = Automatic;
				CURRENT_PROJECT_VERSION = 1;
				DEVELOPMENT_TEAM = 929LF3XGVG;
				GENERATE_INFOPLIST_FILE = YES;
				INFOPLIST_FILE = mercadolibreTest/Info.plist;
				INFOPLIST_KEY_UIApplicationSupportsIndirectInputEvents = YES;
				INFOPLIST_KEY_UILaunchStoryboardName = LaunchScreen;
				INFOPLIST_KEY_UISupportedInterfaceOrientations_iPad = "UIInterfaceOrientationPortrait UIInterfaceOrientationPortraitUpsideDown UIInterfaceOrientationLandscapeLeft UIInterfaceOrientationLandscapeRight";
				INFOPLIST_KEY_UISupportedInterfaceOrientations_iPhone = "UIInterfaceOrientationPortrait UIInterfaceOrientationLandscapeLeft UIInterfaceOrientationLandscapeRight";
				LD_RUNPATH_SEARCH_PATHS = (
					"$(inherited)",
					"@executable_path/Frameworks",
				);
				MARKETING_VERSION = 1.0;
				PRODUCT_BUNDLE_IDENTIFIER = com.ivan.mercadolibreTest;
				PRODUCT_NAME = "$(TARGET_NAME)";
				SWIFT_EMIT_LOC_STRINGS = YES;
				SWIFT_VERSION = 5.0;
				TARGETED_DEVICE_FAMILY = "1,2";
			};
			name = Release;
		};
		246D64E1285E403600D4601D /* Debug */ = {
			isa = XCBuildConfiguration;
			buildSettings = {
				ALWAYS_EMBED_SWIFT_STANDARD_LIBRARIES = YES;
				BUNDLE_LOADER = "$(TEST_HOST)";
				CODE_SIGN_STYLE = Automatic;
				CURRENT_PROJECT_VERSION = 1;
				DEVELOPMENT_TEAM = 929LF3XGVG;
				GENERATE_INFOPLIST_FILE = YES;
				IPHONEOS_DEPLOYMENT_TARGET = 15.4;
				MARKETING_VERSION = 1.0;
				PRODUCT_BUNDLE_IDENTIFIER = com.ivan.mercadolibreTestTests;
				PRODUCT_NAME = "$(TARGET_NAME)";
				SWIFT_EMIT_LOC_STRINGS = NO;
				SWIFT_VERSION = 5.0;
				TARGETED_DEVICE_FAMILY = "1,2";
				TEST_HOST = "$(BUILT_PRODUCTS_DIR)/mercadolibreTest.app/mercadolibreTest";
			};
			name = Debug;
		};
		246D64E2285E403600D4601D /* Release */ = {
			isa = XCBuildConfiguration;
			buildSettings = {
				ALWAYS_EMBED_SWIFT_STANDARD_LIBRARIES = YES;
				BUNDLE_LOADER = "$(TEST_HOST)";
				CODE_SIGN_STYLE = Automatic;
				CURRENT_PROJECT_VERSION = 1;
				DEVELOPMENT_TEAM = 929LF3XGVG;
				GENERATE_INFOPLIST_FILE = YES;
				IPHONEOS_DEPLOYMENT_TARGET = 15.4;
				MARKETING_VERSION = 1.0;
				PRODUCT_BUNDLE_IDENTIFIER = com.ivan.mercadolibreTestTests;
				PRODUCT_NAME = "$(TARGET_NAME)";
				SWIFT_EMIT_LOC_STRINGS = NO;
				SWIFT_VERSION = 5.0;
				TARGETED_DEVICE_FAMILY = "1,2";
				TEST_HOST = "$(BUILT_PRODUCTS_DIR)/mercadolibreTest.app/mercadolibreTest";
			};
			name = Release;
		};
		246D64E4285E403600D4601D /* Debug */ = {
			isa = XCBuildConfiguration;
			buildSettings = {
				ALWAYS_EMBED_SWIFT_STANDARD_LIBRARIES = YES;
				CODE_SIGN_STYLE = Automatic;
				CURRENT_PROJECT_VERSION = 1;
				DEVELOPMENT_TEAM = 929LF3XGVG;
				GENERATE_INFOPLIST_FILE = YES;
				MARKETING_VERSION = 1.0;
				PRODUCT_BUNDLE_IDENTIFIER = com.ivan.mercadolibreTestUITests;
				PRODUCT_NAME = "$(TARGET_NAME)";
				SWIFT_EMIT_LOC_STRINGS = NO;
				SWIFT_VERSION = 5.0;
				TARGETED_DEVICE_FAMILY = "1,2";
				TEST_TARGET_NAME = mercadolibreTest;
			};
			name = Debug;
		};
		246D64E5285E403600D4601D /* Release */ = {
			isa = XCBuildConfiguration;
			buildSettings = {
				ALWAYS_EMBED_SWIFT_STANDARD_LIBRARIES = YES;
				CODE_SIGN_STYLE = Automatic;
				CURRENT_PROJECT_VERSION = 1;
				DEVELOPMENT_TEAM = 929LF3XGVG;
				GENERATE_INFOPLIST_FILE = YES;
				MARKETING_VERSION = 1.0;
				PRODUCT_BUNDLE_IDENTIFIER = com.ivan.mercadolibreTestUITests;
				PRODUCT_NAME = "$(TARGET_NAME)";
				SWIFT_EMIT_LOC_STRINGS = NO;
				SWIFT_VERSION = 5.0;
				TARGETED_DEVICE_FAMILY = "1,2";
				TEST_TARGET_NAME = mercadolibreTest;
			};
			name = Release;
		};
/* End XCBuildConfiguration section */

/* Begin XCConfigurationList section */
		246D64AE285E403600D4601D /* Build configuration list for PBXProject "mercadolibreTest" */ = {
			isa = XCConfigurationList;
			buildConfigurations = (
				246D64DB285E403600D4601D /* Debug */,
				246D64DC285E403600D4601D /* Release */,
			);
			defaultConfigurationIsVisible = 0;
			defaultConfigurationName = Release;
		};
		246D64DD285E403600D4601D /* Build configuration list for PBXNativeTarget "mercadolibreTest" */ = {
			isa = XCConfigurationList;
			buildConfigurations = (
				246D64DE285E403600D4601D /* Debug */,
				246D64DF285E403600D4601D /* Release */,
			);
			defaultConfigurationIsVisible = 0;
			defaultConfigurationName = Release;
		};
		246D64E0285E403600D4601D /* Build configuration list for PBXNativeTarget "mercadolibreTestTests" */ = {
			isa = XCConfigurationList;
			buildConfigurations = (
				246D64E1285E403600D4601D /* Debug */,
				246D64E2285E403600D4601D /* Release */,
			);
			defaultConfigurationIsVisible = 0;
			defaultConfigurationName = Release;
		};
		246D64E3285E403600D4601D /* Build configuration list for PBXNativeTarget "mercadolibreTestUITests" */ = {
			isa = XCConfigurationList;
			buildConfigurations = (
				246D64E4285E403600D4601D /* Debug */,
				246D64E5285E403600D4601D /* Release */,
			);
			defaultConfigurationIsVisible = 0;
			defaultConfigurationName = Release;
		};
/* End XCConfigurationList section */
	};
	rootObject = 246D64AB285E403600D4601D /* Project object */;
}
